{
  "name": "file-tree-creator",
  "version": "1.0.2",
  "lockfileVersion": 3,
  "requires": true,
  "packages": {
    "": {
      "name": "file-tree-creator",
      "version": "1.0.2",
      "license": "MIT",
      "bin": {
        "file-tree-creator": "bin/cli.js",
        "ftc": "bin/cli.js"
      }
    }
  }
}
